# THIS IS AN AUTOGENERATED FILE. DO NOT EDIT THIS FILE DIRECTLY.
# yarn lockfile v1


"@types/fs-extra@^11.0.2":
  version "11.0.2"
  resolved "https://registry.npmjs.org/@types/fs-extra/-/fs-extra-11.0.2.tgz"
  integrity sha512-c0hrgAOVYr21EX8J0jBMXGLMgJqVf/v6yxi0dLaJboW9aQPh16Id+z6w2Tx1hm+piJOLv8xPfVKZCLfjPw/IMQ==
  dependencies:
    "@types/jsonfile" "*"
    "@types/node" "*"

"@types/jsonfile@*":
  version "6.1.2"
  resolved "https://registry.npmjs.org/@types/jsonfile/-/jsonfile-6.1.2.tgz"
  integrity sha512-8t92P+oeW4d/CRQfJaSqEwXujrhH4OEeHRjGU3v1Q8mUS8GPF3yiX26sw4svv6faL2HfBtGTe2xWIoVgN3dy9w==
  dependencies:
    "@types/node" "*"

"@types/node@*", "@types/node@^16.7.10":
  version "16.18.58"
  resolved "https://registry.npmjs.org/@types/node/-/node-16.18.58.tgz"
  integrity sha512-YGncyA25/MaVtQkjWW9r0EFBukZ+JulsLcVZBlGUfIb96OBMjkoRWwQo5IEWJ8Fj06Go3GHw+bjYDitv6BaGsA==

"@types/vscode@^1.83.0":
  version "1.83.0"
  resolved "https://registry.yarnpkg.com/@types/vscode/-/vscode-1.83.0.tgz#f787d1d94d0b258b9bb97947396b47c1d364e90f"
  integrity sha512-3mUtHqLAVz9hegut9au4xehuBrzRE3UJiQMpoEHkNl6XHliihO7eATx2BMHs0odsmmrwjJrlixx/Pte6M3ygDQ==

destr@^2.0.1:
  version "2.0.1"
  resolved "https://registry.npmjs.org/destr/-/destr-2.0.1.tgz"
  integrity sha512-M1Ob1zPSIvlARiJUkKqvAZ3VAqQY6Jcuth/pBKQ2b1dX/Qx0OnJ8Vux6J2H5PTMQeRzWrrbTu70VxBfv/OPDJA==

fs-extra@^10.0.0:
  version "10.1.0"
  resolved "https://registry.npmjs.org/fs-extra/-/fs-extra-10.1.0.tgz"
  integrity sha512-oRXApq54ETRj4eMiFzGnHWGy+zo5raudjuxN0b8H7s/RU2oW0Wvsx9O0ACRN/kRq9E8Vu/ReskGB5o3ji+FzHQ==
  dependencies:
    graceful-fs "^4.2.0"
    jsonfile "^6.0.1"
    universalify "^2.0.0"

graceful-fs@^4.1.6, graceful-fs@^4.2.0:
  version "4.2.11"
  resolved "https://registry.npmjs.org/graceful-fs/-/graceful-fs-4.2.11.tgz"
  integrity sha512-RbJ5/jmFcNNCcDV5o9eTnBLJ/HszWV0P73bc+Ff4nS/rJj+YaS6IGyiOL0VoBYX+l1Wrl3k63h/KrH+nhJ0XvQ==

jsonfile@^6.0.1:
  version "6.1.0"
  resolved "https://registry.npmjs.org/jsonfile/-/jsonfile-6.1.0.tgz"
  integrity sha512-5dgndWOriYSm5cnYaJNhalLNDKOqFwyDB/rr1E9ZsGciGvKPs8R2xYGCacuf3z6K1YKDz182fd+fY3cn3pMqXQ==
  dependencies:
    universalify "^2.0.0"
  optionalDependencies:
    graceful-fs "^4.1.6"

node-fetch-native@^1.4.0:
  version "1.4.0"
  resolved "https://registry.npmjs.org/node-fetch-native/-/node-fetch-native-1.4.0.tgz"
  integrity sha512-F5kfEj95kX8tkDhUCYdV8dg3/8Olx/94zB8+ZNthFs6Bz31UpUi8Xh40TN3thLwXgrwXry1pEg9lJ++tLWTcqA==

ofetch@^1.3.3:
  version "1.3.3"
  resolved "https://registry.npmjs.org/ofetch/-/ofetch-1.3.3.tgz"
  integrity sha512-s1ZCMmQWXy4b5K/TW9i/DtiN8Ku+xCiHcjQ6/J/nDdssirrQNOoB165Zu8EqLMA2lln1JUth9a0aW9Ap2ctrUg==
  dependencies:
    destr "^2.0.1"
    node-fetch-native "^1.4.0"
    ufo "^1.3.0"

typescript@^4.4.4:
  version "4.9.5"
  resolved "https://registry.npmjs.org/typescript/-/typescript-4.9.5.tgz"
  integrity sha512-1FXk9E2Hm+QzZQ7z+McJiHL4NW1F2EzMu9Nq9i3zAaGqibafqYwCVU6WyWAuyQRRzOlxou8xZSyXLEN8oKj24g==

ufo@^1.3.0:
  version "1.3.1"
  resolved "https://registry.npmjs.org/ufo/-/ufo-1.3.1.tgz"
  integrity sha512-uY/99gMLIOlJPwATcMVYfqDSxUR9//AUcgZMzwfSTJPDKzA1S8mX4VLqa+fiAtveraQUBCz4FFcwVZBGbwBXIw==

universalify@^2.0.0:
  version "2.0.0"
  resolved "https://registry.npmjs.org/universalify/-/universalify-2.0.0.tgz"
  integrity sha512-hAZsKq7Yy11Zu1DE0OzWjw7nnLZmJZYTDZZyEFHZdUhV8FkH5MCfoU1XMaxXovpyW5nq5scPqq0ZDP9Zyl04oQ==
